{
  "name": "pet-portal",
  "lockfileVersion": 3,
  "requires": true,
  "packages": {
    "": {
      "dependencies": {
        "reselect": "^5.1.0"
      }
    },
    "node_modules/reselect": {
      "version": "5.1.0",
      "resolved": "https://registry.npmjs.org/reselect/-/reselect-5.1.0.tgz",
      "integrity": "sha512-aw7jcGLDpSgNDyWBQLv2cedml85qd95/iszJjN988zX1t7AVRJi19d9kto5+W7oCfQ94gyo40dVbT6g2k4/kXg=="
    }
  }
}
